Microsoft Visual Studio Solution File, Format Version 11.00
# Visual Studio 2008

Project("{736E08A3-4FD8-F381-576E-0D0FE72AF155}") = "TeamworkWithMarkBosz", "Assembly-CSharp-vs.csproj", "{C7A529BA-04ED-E076-3529-604C8DF4F18E}"
EndProject
Global
	GlobalSection(SolutionConfigurationPlatforms) = preSolution
		Debug|Any CPU = Debug|Any CPU
		Release|Any CPU = Release|Any CPU
	EndGlobalSection
	GlobalSection(ProjectConfigurationPlatforms) = postSolution
		{C7A529BA-04ED-E076-3529-604C8DF4F18E}.Debug|Any CPU.ActiveCfg = Debug|Any CPU
		{C7A529BA-04ED-E076-3529-604C8DF4F18E}.Debug|Any CPU.Build.0 = Debug|Any CPU
		{C7A529BA-04ED-E076-3529-604C8DF4F18E}.Release|Any CPU.ActiveCfg = Release|Any CPU
		{C7A529BA-04ED-E076-3529-604C8DF4F18E}.Release|Any CPU.Build.0 = Release|Any CPU
	EndGlobalSection
	GlobalSection(SolutionProperties) = preSolution
		HideSolutionNode = FALSE
	EndGlobalSection
			GlobalSection(MonoDevelopProperties) = preSolution
		StartupItem = Assembly-CSharp.csproj
		Policies = $0
		$0.TextStylePolicy = $1
		$1.inheritsSet = null
		$1.scope = text/x-csharp
		$0.CSharpFormattingPolicy = $2
		$2.inheritsSet = Mono
		$2.inheritsScope = text/x-csharp
		$2.scope = text/x-csharp
		$0.TextStylePolicy = $3
		$3.FileWidth = 120
		$3.TabWidth = 4
		$3.EolMarker = Unix
		$3.inheritsSet = Mono
		$3.inheritsScope = text/plain
		$3.scope = text/plain
	EndGlobalSection

EndGlobal
